
Microsoft Visual Studio Solution File, Format Version 12.00
# Visual Studio 15
VisualStudioVersion = 15.0.28010.2041
MinimumVisualStudioVersion = 10.0.40219.1
Project("{8BC9CEB8-8B4A-11D0-8D11-00A0C91BC942}") = "MSG", "MSG\MSG.vcxproj", "{2D096D74-3D7F-423C-934E-51DFC11FA9E3}"
EndProject
Project("{8BC9CEB8-8B4A-11D0-8D11-00A0C91BC942}") = "DLL", "DLL\DLL.vcxproj", "{22279A17-1883-4ACE-AE84-36A20F1B018C}"
	ProjectSection(ProjectDependencies) = postProject
		{2D096D74-3D7F-423C-934E-51DFC11FA9E3} = {2D096D74-3D7F-423C-934E-51DFC11FA9E3}
	EndProjectSection
EndProject
Project("{8BC9CEB8-8B4A-11D0-8D11-00A0C91BC942}") = "CLI", "CLI\CLI.vcxproj", "{B022044A-71E2-4683-8AE5-F8922C18F600}"
	ProjectSection(ProjectDependencies) = postProject
		{22279A17-1883-4ACE-AE84-36A20F1B018C} = {22279A17-1883-4ACE-AE84-36A20F1B018C}
		{2D096D74-3D7F-423C-934E-51DFC11FA9E3} = {2D096D74-3D7F-423C-934E-51DFC11FA9E3}
	EndProjectSection
EndProject
Project("{930C7802-8A8C-48F9-8165-68863BCCD9DD}") = "MSI", "MSI\MSI.wixproj", "{DA603C39-1AEF-40C5-84E2-6D9C27C22D7C}"
	ProjectSection(ProjectDependencies) = postProject
		{22279A17-1883-4ACE-AE84-36A20F1B018C} = {22279A17-1883-4ACE-AE84-36A20F1B018C}
		{B022044A-71E2-4683-8AE5-F8922C18F600} = {B022044A-71E2-4683-8AE5-F8922C18F600}
		{2D096D74-3D7F-423C-934E-51DFC11FA9E3} = {2D096D74-3D7F-423C-934E-51DFC11FA9E3}
	EndProjectSection
EndProject
Global
	GlobalSection(SolutionConfigurationPlatforms) = preSolution
		Debug|x64 = Debug|x64
		Debug|x86 = Debug|x86
		Release|x64 = Release|x64
		Release|x86 = Release|x86
	EndGlobalSection
	GlobalSection(ProjectConfigurationPlatforms) = postSolution
		{2D096D74-3D7F-423C-934E-51DFC11FA9E3}.Debug|x64.ActiveCfg = Debug|x64
		{2D096D74-3D7F-423C-934E-51DFC11FA9E3}.Debug|x64.Build.0 = Debug|x64
		{2D096D74-3D7F-423C-934E-51DFC11FA9E3}.Debug|x86.ActiveCfg = Debug|Win32
		{2D096D74-3D7F-423C-934E-51DFC11FA9E3}.Debug|x86.Build.0 = Debug|Win32
		{2D096D74-3D7F-423C-934E-51DFC11FA9E3}.Release|x64.ActiveCfg = Release|x64
		{2D096D74-3D7F-423C-934E-51DFC11FA9E3}.Release|x64.Build.0 = Release|x64
		{2D096D74-3D7F-423C-934E-51DFC11FA9E3}.Release|x86.ActiveCfg = Release|Win32
		{2D096D74-3D7F-423C-934E-51DFC11FA9E3}.Release|x86.Build.0 = Release|Win32
		{22279A17-1883-4ACE-AE84-36A20F1B018C}.Debug|x64.ActiveCfg = Debug|x64
		{22279A17-1883-4ACE-AE84-36A20F1B018C}.Debug|x64.Build.0 = Debug|x64
		{22279A17-1883-4ACE-AE84-36A20F1B018C}.Debug|x86.ActiveCfg = Debug|Win32
		{22279A17-1883-4ACE-AE84-36A20F1B018C}.Debug|x86.Build.0 = Debug|Win32
		{22279A17-1883-4ACE-AE84-36A20F1B018C}.Release|x64.ActiveCfg = Release|x64
		{22279A17-1883-4ACE-AE84-36A20F1B018C}.Release|x64.Build.0 = Release|x64
		{22279A17-1883-4ACE-AE84-36A20F1B018C}.Release|x86.ActiveCfg = Release|Win32
		{22279A17-1883-4ACE-AE84-36A20F1B018C}.Release|x86.Build.0 = Release|Win32
		{B022044A-71E2-4683-8AE5-F8922C18F600}.Debug|x64.ActiveCfg = Debug|x64
		{B022044A-71E2-4683-8AE5-F8922C18F600}.Debug|x64.Build.0 = Debug|x64
		{B022044A-71E2-4683-8AE5-F8922C18F600}.Debug|x86.ActiveCfg = Debug|Win32
		{B022044A-71E2-4683-8AE5-F8922C18F600}.Debug|x86.Build.0 = Debug|Win32
		{B022044A-71E2-4683-8AE5-F8922C18F600}.Release|x64.ActiveCfg = Release|x64
		{B022044A-71E2-4683-8AE5-F8922C18F600}.Release|x64.Build.0 = Release|x64
		{B022044A-71E2-4683-8AE5-F8922C18F600}.Release|x86.ActiveCfg = Release|Win32
		{B022044A-71E2-4683-8AE5-F8922C18F600}.Release|x86.Build.0 = Release|Win32
		{DA603C39-1AEF-40C5-84E2-6D9C27C22D7C}.Debug|x64.ActiveCfg = Debug|x86
		{DA603C39-1AEF-40C5-84E2-6D9C27C22D7C}.Debug|x64.Build.0 = Debug|x86
		{DA603C39-1AEF-40C5-84E2-6D9C27C22D7C}.Debug|x86.ActiveCfg = Debug|x86
		{DA603C39-1AEF-40C5-84E2-6D9C27C22D7C}.Debug|x86.Build.0 = Debug|x86
		{DA603C39-1AEF-40C5-84E2-6D9C27C22D7C}.Release|x64.ActiveCfg = Release|x64
		{DA603C39-1AEF-40C5-84E2-6D9C27C22D7C}.Release|x64.Build.0 = Release|x64
		{DA603C39-1AEF-40C5-84E2-6D9C27C22D7C}.Release|x86.ActiveCfg = Release|x86
		{DA603C39-1AEF-40C5-84E2-6D9C27C22D7C}.Release|x86.Build.0 = Release|x86
	EndGlobalSection
	GlobalSection(SolutionProperties) = preSolution
		HideSolutionNode = FALSE
	EndGlobalSection
	GlobalSection(ExtensibilityGlobals) = postSolution
		SolutionGuid = {19A55DD7-42F6-40CD-980D-5E8AE2F7E67C}
	EndGlobalSection
EndGlobal
